
Microsoft Visual Studio Solution File, Format Version 12.00
# Visual Studio 2012
Project("{FAE04EC0-301F-11D3-BF4B-00C04F79EFBC}") = "Middleware", "Middleware\Middleware.csproj", "{F210D30E-3CAF-4602-89F0-7A348BAF948D}"
EndProject
Global
	GlobalSection(SolutionConfigurationPlatforms) = preSolution
		Debug|Any CPU = Debug|Any CPU
		Release|Any CPU = Release|Any CPU
	EndGlobalSection
	GlobalSection(ProjectConfigurationPlatforms) = postSolution
		{F210D30E-3CAF-4602-89F0-7A348BAF948D}.Debug|Any CPU.ActiveCfg = Debug|Any CPU
		{F210D30E-3CAF-4602-89F0-7A348BAF948D}.Debug|Any CPU.Build.0 = Debug|Any CPU
		{F210D30E-3CAF-4602-89F0-7A348BAF948D}.Release|Any CPU.ActiveCfg = Release|Any CPU
		{F210D30E-3CAF-4602-89F0-7A348BAF948D}.Release|Any CPU.Build.0 = Release|Any CPU
	EndGlobalSection
EndGlobal
